<?xml version="1.0" encoding="utf-8"?>
<Project ToolsVersion="4.0" xmlns="http://schemas.microsoft.com/developer/msbuild/2003">
  <ItemGroup>
    <Filter Include="소스 파일">
      <UniqueIdentifier>{4FC737F1-C7A5-4376-A066-2A32D752A2FF}</UniqueIdentifier>
      <Extensions>cpp;c;cc;cxx;def;odl;idl;hpj;bat;asm;asmx</Extensions>
    </Filter>
    <Filter Include="헤더 파일">
      <UniqueIdentifier>{93995380-89BD-4b04-88EB-625FBE52EBFB}</UniqueIdentifier>
      <Extensions>h;hh;hpp;hxx;hm;inl;inc;xsd</Extensions>
    </Filter>
    <Filter Include="리소스 파일">
      <UniqueIdentifier>{67DA6AB6-F800-4c08-8B7A-83BB121AAD01}</UniqueIdentifier>
      <Extensions>rc;ico;cur;bmp;dlg;rc2;rct;bin;rgs;gif;jpg;jpeg;jpe;resx;tiff;tif;png;wav;mfcribbon-ms</Extensions>
    </Filter>
    <Filter Include="소스 파일\Object">
      <UniqueIdentifier>{5b7042a6-6dc0-4d41-8680-2ea7a8863f2b}</UniqueIdentifier>
    </Filter>
    <Filter Include="헤더 파일\obj">
      <UniqueIdentifier>{6eabb053-89f3-47cf-9943-545432cc5374}</UniqueIdentifier>
    </Filter>
  </ItemGroup>
  <ItemGroup>
    <ClCompile Include="Shaders\LoadShaders.cpp">
      <Filter>소스 파일</Filter>
    </ClCompile>
    <ClCompile Include="3.1.2DObjects_GLSL.cpp">
      <Filter>소스 파일</Filter>
    </ClCompile>
    <ClCompile Include="main.cpp">
      <Filter>소스 파일</Filter>
    </ClCompile>
    <ClCompile Include="Object.cpp">
      <Filter>소스 파일\Object</Filter>
    </ClCompile>
    <ClCompile Include="airplaneClass.cpp">
      <Filter>소스 파일\Object</Filter>
    </ClCompile>
    <ClCompile Include="axesClass.cpp">
      <Filter>소스 파일\Object</Filter>
    </ClCompile>
    <ClCompile Include="car1Class.cpp">
      <Filter>소스 파일\Object</Filter>
    </ClCompile>
    <ClCompile Include="car2Class.cpp">
      <Filter>소스 파일\Object</Filter>
    </ClCompile>
    <ClCompile Include="cocktailClass.cpp">
      <Filter>소스 파일\Object</Filter>
    </ClCompile>
    <ClCompile Include="houseClass.cpp">
      <Filter>소스 파일\Object</Filter>
    </ClCompile>
    <ClCompile Include="lineClass.cpp">
      <Filter>소스 파일\Object</Filter>
    </ClCompile>
    <ClCompile Include="shirtClass.cpp">
      <Filter>소스 파일\Object</Filter>
    </ClCompile>
    <ClCompile Include="cloudClass.cpp">
      <Filter>소스 파일\Object</Filter>
    </ClCompile>
    <ClCompile Include="boxClass.cpp">
      <Filter>소스 파일\Object</Filter>
    </ClCompile>
    <ClCompile Include="swordClass.cpp">
      <Filter>소스 파일\Object</Filter>
    </ClCompile>
    <ClCompile Include="blockTileClass.cpp">
      <Filter>소스 파일\Object</Filter>
    </ClCompile>
    <ClCompile Include="textClass.cpp">
      <Filter>소스 파일\Object</Filter>
    </ClCompile>
    <ClCompile Include="minimapClass.cpp">
      <Filter>소스 파일</Filter>
    </ClCompile>
  </ItemGroup>
  <ItemGroup>
    <ClInclude Include="Shaders\LoadShaders.h">
      <Filter>헤더 파일</Filter>
    </ClInclude>
    <ClInclude Include="stdafx.h">
      <Filter>헤더 파일</Filter>
    </ClInclude>
    <ClInclude Include="airplaneClass.h">
      <Filter>헤더 파일\obj</Filter>
    </ClInclude>
    <ClInclude Include="car2Class.h">
      <Filter>헤더 파일\obj</Filter>
    </ClInclude>
    <ClInclude Include="axesClass.h">
      <Filter>헤더 파일\obj</Filter>
    </ClInclude>
    <ClInclude Include="car1Class.h">
      <Filter>헤더 파일\obj</Filter>
    </ClInclude>
    <ClInclude Include="cocktailClass.h">
      <Filter>헤더 파일\obj</Filter>
    </ClInclude>
    <ClInclude Include="houseClass.h">
      <Filter>헤더 파일\obj</Filter>
    </ClInclude>
    <ClInclude Include="lineClass.h">
      <Filter>헤더 파일\obj</Filter>
    </ClInclude>
    <ClInclude Include="shirtClass.h">
      <Filter>헤더 파일\obj</Filter>
    </ClInclude>
    <ClInclude Include="Object.h">
      <Filter>헤더 파일\obj</Filter>
    </ClInclude>
    <ClInclude Include="cloudClass.h">
      <Filter>헤더 파일\obj</Filter>
    </ClInclude>
    <ClInclude Include="boxClass.h">
      <Filter>헤더 파일\obj</Filter>
    </ClInclude>
    <ClInclude Include="swordClass.h">
      <Filter>헤더 파일\obj</Filter>
    </ClInclude>
    <ClInclude Include="blockTileClass.h">
      <Filter>헤더 파일\obj</Filter>
    </ClInclude>
    <ClInclude Include="textClass.h">
      <Filter>헤더 파일\obj</Filter>
    </ClInclude>
    <ClInclude Include="minimapClass.h">
      <Filter>헤더 파일</Filter>
    </ClInclude>
  </ItemGroup>
  <ItemGroup>
    <None Include="Shaders\simple.frag">
      <Filter>리소스 파일</Filter>
    </None>
    <None Include="Shaders\simple.vert">
      <Filter>리소스 파일</Filter>
    </None>
  </ItemGroup>
  <ItemGroup>
    <Image Include="resource\1.png">
      <Filter>리소스 파일</Filter>
    </Image>
  </ItemGroup>
</Project>